// !$*UTF8*$!
{
	archiveVersion = 1;
	classes = {
	};
	objectVersion = 55;
	objects = {

/* Begin PBXBuildFile section */
		3F3F010A28996EC400235E2F /* AppDelegate.swift in Sources */ = {isa = PBXBuildFile; fileRef = 3F3F010928996EC400235E2F /* AppDelegate.swift */; };
		3F3F010C28996EC400235E2F /* SceneDelegate.swift in Sources */ = {isa = PBXBuildFile; fileRef = 3F3F010B28996EC400235E2F /* SceneDelegate.swift */; };
		3F3F010E28996EC400235E2F /* ViewController.swift in Sources */ = {isa = PBXBuildFile; fileRef = 3F3F010D28996EC400235E2F /* ViewController.swift */; };
		3F3F011128996EC400235E2F /* Main.storyboard in Resources */ = {isa = PBXBuildFile; fileRef = 3F3F010F28996EC400235E2F /* Main.storyboard */; };
		3F3F011428996EC400235E2F /* ToDoListApp.xcdatamodeld in Sources */ = {isa = PBXBuildFile; fileRef = 3F3F011228996EC400235E2F /* ToDoListApp.xcdatamodeld */; };
		3F3F011628996EC700235E2F /* Assets.xcassets in Resources */ = {isa = PBXBuildFile; fileRef = 3F3F011528996EC700235E2F /* Assets.xcassets */; };
		3F3F011928996EC700235E2F /* LaunchScreen.storyboard in Resources */ = {isa = PBXBuildFile; fileRef = 3F3F011728996EC700235E2F /* LaunchScreen.storyboard */; };
		3F3F012428996EC700235E2F /* ToDoListAppTests.swift in Sources */ = {isa = PBXBuildFile; fileRef = 3F3F012328996EC700235E2F /* ToDoListAppTests.swift */; };
		3F3F012E28996EC700235E2F /* ToDoListAppUITests.swift in Sources */ = {isa = PBXBuildFile; fileRef = 3F3F012D28996EC700235E2F /* ToDoListAppUITests.swift */; };
		3F3F013028996EC700235E2F /* ToDoListAppUITestsLaunchTests.swift in Sources */ = {isa = PBXBuildFile; fileRef = 3F3F012F28996EC700235E2F /* ToDoListAppUITestsLaunchTests.swift */; };
		3F3F013D289970F000235E2F /* ToDoTableViewController.swift in Sources */ = {isa = PBXBuildFile; fileRef = 3F3F013C289970F000235E2F /* ToDoTableViewController.swift */; };
		3F3F013F2899717400235E2F /* ToDo.swift in Sources */ = {isa = PBXBuildFile; fileRef = 3F3F013E2899717400235E2F /* ToDo.swift */; };
		3F3F01412899805300235E2F /* AddToDoViewController.swift in Sources */ = {isa = PBXBuildFile; fileRef = 3F3F01402899805300235E2F /* AddToDoViewController.swift */; };
/* End PBXBuildFile section */

/* Begin PBXContainerItemProxy section */
		3F3F012028996EC700235E2F /* PBXContainerItemProxy */ = {
			isa = PBXContainerItemProxy;
			containerPortal = 3F3F00FE28996EC400235E2F /* Project object */;
			proxyType = 1;
			remoteGlobalIDString = 3F3F010528996EC400235E2F;
			remoteInfo = ToDoListApp;
		};
		3F3F012A28996EC700235E2F /* PBXContainerItemProxy */ = {
			isa = PBXContainerItemProxy;
			containerPortal = 3F3F00FE28996EC400235E2F /* Project object */;
			proxyType = 1;
			remoteGlobalIDString = 3F3F010528996EC400235E2F;
			remoteInfo = ToDoListApp;
		};
/* End PBXContainerItemProxy section */

/* Begin PBXFileReference section */
		3F3F010628996EC400235E2F /* ToDoListApp.app */ = {isa = PBXFileReference; explicitFileType = wrapper.application; includeInIndex = 0; path = ToDoListApp.app; sourceTree = BUILT_PRODUCTS_DIR; };
		3F3F010928996EC400235E2F /* AppDelegate.swift */ = {isa = PBXFileReference; lastKnownFileType = sourcecode.swift; path = AppDelegate.swift; sourceTree = "<group>"; };
		3F3F010B28996EC400235E2F /* SceneDelegate.swift */ = {isa = PBXFileReference; lastKnownFileType = sourcecode.swift; path = SceneDelegate.swift; sourceTree = "<group>"; };
		3F3F010D28996EC400235E2F /* ViewController.swift */ = {isa = PBXFileReference; lastKnownFileType = sourcecode.swift; path = ViewController.swift; sourceTree = "<group>"; };
		3F3F011028996EC400235E2F /* Base */ = {isa = PBXFileReference; lastKnownFileType = file.storyboard; name = Base; path = Base.lproj/Main.storyboard; sourceTree = "<group>"; };
		3F3F011328996EC400235E2F /* ToDoListApp.xcdatamodel */ = {isa = PBXFileReference; lastKnownFileType = wrapper.xcdatamodel; path = ToDoListApp.xcdatamodel; sourceTree = "<group>"; };
		3F3F011528996EC700235E2F /* Assets.xcassets */ = {isa = PBXFileReference; lastKnownFileType = folder.assetcatalog; path = Assets.xcassets; sourceTree = "<group>"; };
		3F3F011828996EC700235E2F /* Base */ = {isa = PBXFileReference; lastKnownFileType = file.storyboard; name = Base; path = Base.lproj/LaunchScreen.storyboard; sourceTree = "<group>"; };
		3F3F011A28996EC700235E2F /* Info.plist */ = {isa = PBXFileReference; lastKnownFileType = text.plist.xml; path = Info.plist; sourceTree = "<group>"; };
		3F3F011F28996EC700235E2F /* ToDoListAppTests.xctest */ = {isa = PBXFileReference; explicitFileType = wrapper.cfbundle; includeInIndex = 0; path = ToDoListAppTests.xctest; sourceTree = BUILT_PRODUCTS_DIR; };
		3F3F012328996EC700235E2F /* ToDoListAppTests.swift */ = {isa = PBXFileReference; lastKnownFileType = sourcecode.swift; path = ToDoListAppTests.swift; sourceTree = "<group>"; };
		3F3F012928996EC700235E2F /* ToDoListAppUITests.xctest */ = {isa = PBXFileReference; explicitFileType = wrapper.cfbundle; includeInIndex = 0; path = ToDoListAppUITests.xctest; sourceTree = BUILT_PRODUCTS_DIR; };
		3F3F012D28996EC700235E2F /* ToDoListAppUITests.swift */ = {isa = PBXFileReference; lastKnownFileType = sourcecode.swift; path = ToDoListAppUITests.swift; sourceTree = "<group>"; };
		3F3F012F28996EC700235E2F /* ToDoListAppUITestsLaunchTests.swift */ = {isa = PBXFileReference; lastKnownFileType = sourcecode.swift; path = ToDoListAppUITestsLaunchTests.swift; sourceTree = "<group>"; };
		3F3F013C289970F000235E2F /* ToDoTableViewController.swift */ = {isa = PBXFileReference; lastKnownFileType = sourcecode.swift; path = ToDoTableViewController.swift; sourceTree = "<group>"; };
		3F3F013E2899717400235E2F /* ToDo.swift */ = {isa = PBXFileReference; lastKnownFileType = sourcecode.swift; path = ToDo.swift; sourceTree = "<group>"; };
		3F3F01402899805300235E2F /* AddToDoViewController.swift */ = {isa = PBXFileReference; lastKnownFileType = sourcecode.swift; path = AddToDoViewController.swift; sourceTree = "<group>"; };
/* End PBXFileReference section */

/* Begin PBXFrameworksBuildPhase section */
		3F3F010328996EC400235E2F /* Frameworks */ = {
			isa = PBXFrameworksBuildPhase;
			buildActionMask = 2147483647;
			files = (
			);
			runOnlyForDeploymentPostprocessing = 0;
		};
		3F3F011C28996EC700235E2F /* Frameworks */ = {
			isa = PBXFrameworksBuildPhase;
			buildActionMask = 2147483647;
			files = (
			);
			runOnlyForDeploymentPostprocessing = 0;
		};
		3F3F012628996EC700235E2F /* Frameworks */ = {
			isa = PBXFrameworksBuildPhase;
			buildActionMask = 2147483647;
			files = (
			);
			runOnlyForDeploymentPostprocessing = 0;
		};
/* End PBXFrameworksBuildPhase section */

/* Begin PBXGroup section */
		3F3F00FD28996EC400235E2F = {
			isa = PBXGroup;
			children = (
				3F3F010828996EC400235E2F /* ToDoListApp */,
				3F3F012228996EC700235E2F /* ToDoListAppTests */,
				3F3F012C28996EC700235E2F /* ToDoListAppUITests */,
				3F3F010728996EC400235E2F /* Products */,
			);
			sourceTree = "<group>";
		};
		3F3F010728996EC400235E2F /* Products */ = {
			isa = PBXGroup;
			children = (
				3F3F010628996EC400235E2F /* ToDoListApp.app */,
				3F3F011F28996EC700235E2F /* ToDoListAppTests.xctest */,
				3F3F012928996EC700235E2F /* ToDoListAppUITests.xctest */,
			);
			name = Products;
			sourceTree = "<group>";
		};
		3F3F010828996EC400235E2F /* ToDoListApp */ = {
			isa = PBXGroup;
			children = (
				3F3F010928996EC400235E2F /* AppDelegate.swift */,
				3F3F010B28996EC400235E2F /* SceneDelegate.swift */,
				3F3F010D28996EC400235E2F /* ViewController.swift */,
				3F3F010F28996EC400235E2F /* Main.storyboard */,
				3F3F011528996EC700235E2F /* Assets.xcassets */,
				3F3F011728996EC700235E2F /* LaunchScreen.storyboard */,
				3F3F011A28996EC700235E2F /* Info.plist */,
				3F3F011228996EC400235E2F /* ToDoListApp.xcdatamodeld */,
				3F3F013C289970F000235E2F /* ToDoTableViewController.swift */,
				3F3F013E2899717400235E2F /* ToDo.swift */,
				3F3F01402899805300235E2F /* AddToDoViewController.swift */,
			);
			path = ToDoListApp;
			sourceTree = "<group>";
		};
		3F3F012228996EC700235E2F /* ToDoListAppTests */ = {
			isa = PBXGroup;
			children = (
				3F3F012328996EC700235E2F /* ToDoListAppTests.swift */,
			);
			path = ToDoListAppTests;
			sourceTree = "<group>";
		};
		3F3F012C28996EC700235E2F /* ToDoListAppUITests */ = {
			isa = PBXGroup;
			children = (
				3F3F012D28996EC700235E2F /* ToDoListAppUITests.swift */,
				3F3F012F28996EC700235E2F /* ToDoListAppUITestsLaunchTests.swift */,
			);
			path = ToDoListAppUITests;
			sourceTree = "<group>";
		};
/* End PBXGroup section */

/* Begin PBXNativeTarget section */
		3F3F010528996EC400235E2F /* ToDoListApp */ = {
			isa = PBXNativeTarget;
			buildConfigurationList = 3F3F013328996EC700235E2F /* Build configuration list for PBXNativeTarget "ToDoListApp" */;
			buildPhases = (
				3F3F010228996EC400235E2F /* Sources */,
				3F3F010328996EC400235E2F /* Frameworks */,
				3F3F010428996EC400235E2F /* Resources */,
			);
			buildRules = (
			);
			dependencies = (
			);
			name = ToDoListApp;
			productName = ToDoListApp;
			productReference = 3F3F010628996EC400235E2F /* ToDoListApp.app */;
			productType = "com.apple.product-type.application";
		};
		3F3F011E28996EC700235E2F /* ToDoListAppTests */ = {
			isa = PBXNativeTarget;
			buildConfigurationList = 3F3F013628996EC700235E2F /* Build configuration list for PBXNativeTarget "ToDoListAppTests" */;
			buildPhases = (
				3F3F011B28996EC700235E2F /* Sources */,
				3F3F011C28996EC700235E2F /* Frameworks */,
				3F3F011D28996EC700235E2F /* Resources */,
			);
			buildRules = (
			);
			dependencies = (
				3F3F012128996EC700235E2F /* PBXTargetDependency */,
			);
			name = ToDoListAppTests;
			productName = ToDoListAppTests;
			productReference = 3F3F011F28996EC700235E2F /* ToDoListAppTests.xctest */;
			productType = "com.apple.product-type.bundle.unit-test";
		};
		3F3F012828996EC700235E2F /* ToDoListAppUITests */ = {
			isa = PBXNativeTarget;
			buildConfigurationList = 3F3F013928996EC700235E2F /* Build configuration list for PBXNativeTarget "ToDoListAppUITests" */;
			buildPhases = (
				3F3F012528996EC700235E2F /* Sources */,
				3F3F012628996EC700235E2F /* Frameworks */,
				3F3F012728996EC700235E2F /* Resources */,
			);
			buildRules = (
			);
			dependencies = (
				3F3F012B28996EC700235E2F /* PBXTargetDependency */,
			);
			name = ToDoListAppUITests;
			productName = ToDoListAppUITests;
			productReference = 3F3F012928996EC700235E2F /* ToDoListAppUITests.xctest */;
			productType = "com.apple.product-type.bundle.ui-testing";
		};
/* End PBXNativeTarget section */

/* Begin PBXProject section */
		3F3F00FE28996EC400235E2F /* Project object */ = {
			isa = PBXProject;
			attributes = {
				BuildIndependentTargetsInParallel = 1;
				LastSwiftUpdateCheck = 1340;
				LastUpgradeCheck = 1340;
				TargetAttributes = {
					3F3F010528996EC400235E2F = {
						CreatedOnToolsVersion = 13.4.1;
					};
					3F3F011E28996EC700235E2F = {
						CreatedOnToolsVersion = 13.4.1;
						TestTargetID = 3F3F010528996EC400235E2F;
					};
					3F3F012828996EC700235E2F = {
						CreatedOnToolsVersion = 13.4.1;
						TestTargetID = 3F3F010528996EC400235E2F;
					};
				};
			};
			buildConfigurationList = 3F3F010128996EC400235E2F /* Build configuration list for PBXProject "ToDoListApp" */;
			compatibilityVersion = "Xcode 13.0";
			developmentRegion = en;
			hasScannedForEncodings = 0;
			knownRegions = (
				en,
				Base,
			);
			mainGroup = 3F3F00FD28996EC400235E2F;
			productRefGroup = 3F3F010728996EC400235E2F /* Products */;
			projectDirPath = "";
			projectRoot = "";
			targets = (
				3F3F010528996EC400235E2F /* ToDoListApp */,
				3F3F011E28996EC700235E2F /* ToDoListAppTests */,
				3F3F012828996EC700235E2F /* ToDoListAppUITests */,
			);
		};
/* End PBXProject section */

/* Begin PBXResourcesBuildPhase section */
		3F3F010428996EC400235E2F /* Resources */ = {
			isa = PBXResourcesBuildPhase;
			buildActionMask = 2147483647;
			files = (
				3F3F011928996EC700235E2F /* LaunchScreen.storyboard in Resources */,
				3F3F011628996EC700235E2F /* Assets.xcassets in Resources */,
				3F3F011128996EC400235E2F /* Main.storyboard in Resources */,
			);
			runOnlyForDeploymentPostprocessing = 0;
		};
		3F3F011D28996EC700235E2F /* Resources */ = {
			isa = PBXResourcesBuildPhase;
			buildActionMask = 2147483647;
			files = (
			);
			runOnlyForDeploymentPostprocessing = 0;
		};
		3F3F012728996EC700235E2F /* Resources */ = {
			isa = PBXResourcesBuildPhase;
			buildActionMask = 2147483647;
			files = (
			);
			runOnlyForDeploymentPostprocessing = 0;
		};
/* End PBXResourcesBuildPhase section */

/* Begin PBXSourcesBuildPhase section */
		3F3F010228996EC400235E2F /* Sources */ = {
			isa = PBXSourcesBuildPhase;
			buildActionMask = 2147483647;
			files = (
				3F3F010E28996EC400235E2F /* ViewController.swift in Sources */,
				3F3F010A28996EC400235E2F /* AppDelegate.swift in Sources */,
				3F3F010C28996EC400235E2F /* SceneDelegate.swift in Sources */,
				3F3F013F2899717400235E2F /* ToDo.swift in Sources */,
				3F3F01412899805300235E2F /* AddToDoViewController.swift in Sources */,
				3F3F011428996EC400235E2F /* ToDoListApp.xcdatamodeld in Sources */,
				3F3F013D289970F000235E2F /* ToDoTableViewController.swift in Sources */,
			);
			runOnlyForDeploymentPostprocessing = 0;
		};
		3F3F011B28996EC700235E2F /* Sources */ = {
			isa = PBXSourcesBuildPhase;
			buildActionMask = 2147483647;
			files = (
				3F3F012428996EC700235E2F /* ToDoListAppTests.swift in Sources */,
			);
			runOnlyForDeploymentPostprocessing = 0;
		};
		3F3F012528996EC700235E2F /* Sources */ = {
			isa = PBXSourcesBuildPhase;
			buildActionMask = 2147483647;
			files = (
				3F3F013028996EC700235E2F /* ToDoListAppUITestsLaunchTests.swift in Sources */,
				3F3F012E28996EC700235E2F /* ToDoListAppUITests.swift in Sources */,
			);
			runOnlyForDeploymentPostprocessing = 0;
		};
/* End PBXSourcesBuildPhase section */

/* Begin PBXTargetDependency section */
		3F3F012128996EC700235E2F /* PBXTargetDependency */ = {
			isa = PBXTargetDependency;
			target = 3F3F010528996EC400235E2F /* ToDoListApp */;
			targetProxy = 3F3F012028996EC700235E2F /* PBXContainerItemProxy */;
		};
		3F3F012B28996EC700235E2F /* PBXTargetDependency */ = {
			isa = PBXTargetDependency;
			target = 3F3F010528996EC400235E2F /* ToDoListApp */;
			targetProxy = 3F3F012A28996EC700235E2F /* PBXContainerItemProxy */;
		};
/* End PBXTargetDependency section */

/* Begin PBXVariantGroup section */
		3F3F010F28996EC400235E2F /* Main.storyboard */ = {
			isa = PBXVariantGroup;
			children = (
				3F3F011028996EC400235E2F /* Base */,
			);
			name = Main.storyboard;
			sourceTree = "<group>";
		};
		3F3F011728996EC700235E2F /* LaunchScreen.storyboard */ = {
			isa = PBXVariantGroup;
			children = (
				3F3F011828996EC700235E2F /* Base */,
			);
			name = LaunchScreen.storyboard;
			sourceTree = "<group>";
		};
/* End PBXVariantGroup section */

/* Begin XCBuildConfiguration section */
		3F3F013128996EC700235E2F /* Debug */ = {
			isa = XCBuildConfiguration;
			buildSettings = {
				ALWAYS_SEARCH_USER_PATHS = NO;
				CLANG_ANALYZER_NONNULL = YES;
				CLANG_ANALYZER_NUMBER_OBJECT_CONVERSION = YES_AGGRESSIVE;
				CLANG_CXX_LANGUAGE_STANDARD = "gnu++17";
				CLANG_ENABLE_MODULES = YES;
				CLANG_ENABLE_OBJC_ARC = YES;
				CLANG_ENABLE_OBJC_WEAK = YES;
				CLANG_WARN_BLOCK_CAPTURE_AUTORELEASING = YES;
				CLANG_WARN_BOOL_CONVERSION = YES;
				CLANG_WARN_COMMA = YES;
				CLANG_WARN_CONSTANT_CONVERSION = YES;
				CLANG_WARN_DEPRECATED_OBJC_IMPLEMENTATIONS = YES;
				CLANG_WARN_DIRECT_OBJC_ISA_USAGE = YES_ERROR;
				CLANG_WARN_DOCUMENTATION_COMMENTS = YES;
				CLANG_WARN_EMPTY_BODY = YES;
				CLANG_WARN_ENUM_CONVERSION = YES;
				CLANG_WARN_INFINITE_RECURSION = YES;
				CLANG_WARN_INT_CONVERSION = YES;
				CLANG_WARN_NON_LITERAL_NULL_CONVERSION = YES;
				CLANG_WARN_OBJC_IMPLICIT_RETAIN_SELF = YES;
				CLANG_WARN_OBJC_LITERAL_CONVERSION = YES;
				CLANG_WARN_OBJC_ROOT_CLASS = YES_ERROR;
				CLANG_WARN_QUOTED_INCLUDE_IN_FRAMEWORK_HEADER = YES;
				CLANG_WARN_RANGE_LOOP_ANALYSIS = YES;
				CLANG_WARN_STRICT_PROTOTYPES = YES;
				CLANG_WARN_SUSPICIOUS_MOVE = YES;
				CLANG_WARN_UNGUARDED_AVAILABILITY = YES_AGGRESSIVE;
				CLANG_WARN_UNREACHABLE_CODE = YES;
				CLANG_WARN__DUPLICATE_METHOD_MATCH = YES;
				COPY_PHASE_STRIP = NO;
				DEBUG_INFORMATION_FORMAT = dwarf;
				ENABLE_STRICT_OBJC_MSGSEND = YES;
				ENABLE_TESTABILITY = YES;
				GCC_C_LANGUAGE_STANDARD = gnu11;
				GCC_DYNAMIC_NO_PIC = NO;
				GCC_NO_COMMON_BLOCKS = YES;
				GCC_OPTIMIZATION_LEVEL = 0;
				GCC_PREPROCESSOR_DEFINITIONS = (
					"DEBUG=1",
					"$(inherited)",
				);
				GCC_WARN_64_TO_32_BIT_CONVERSION = YES;
				GCC_WARN_ABOUT_RETURN_TYPE = YES_ERROR;
				GCC_WARN_UNDECLARED_SELECTOR = YES;
				GCC_WARN_UNINITIALIZED_AUTOS = YES_AGGRESSIVE;
				GCC_WARN_UNUSED_FUNCTION = YES;
				GCC_WARN_UNUSED_VARIABLE = YES;
				IPHONEOS_DEPLOYMENT_TARGET = 15.5;
				MTL_ENABLE_DEBUG_INFO = INCLUDE_SOURCE;
				MTL_FAST_MATH = YES;
				ONLY_ACTIVE_ARCH = YES;
				SDKROOT = iphoneos;
				SWIFT_ACTIVE_COMPILATION_CONDITIONS = DEBUG;
				SWIFT_OPTIMIZATION_LEVEL = "-Onone";
			};
			name = Debug;
		};
		3F3F013228996EC700235E2F /* Release */ = {
			isa = XCBuildConfiguration;
			buildSettings = {
				ALWAYS_SEARCH_USER_PATHS = NO;
				CLANG_ANALYZER_NONNULL = YES;
				CLANG_ANALYZER_NUMBER_OBJECT_CONVERSION = YES_AGGRESSIVE;
				CLANG_CXX_LANGUAGE_STANDARD = "gnu++17";
				CLANG_ENABLE_MODULES = YES;
				CLANG_ENABLE_OBJC_ARC = YES;
				CLANG_ENABLE_OBJC_WEAK = YES;
				CLANG_WARN_BLOCK_CAPTURE_AUTORELEASING = YES;
				CLANG_WARN_BOOL_CONVERSION = YES;
				CLANG_WARN_COMMA = YES;
				CLANG_WARN_CONSTANT_CONVERSION = YES;
				CLANG_WARN_DEPRECATED_OBJC_IMPLEMENTATIONS = YES;
				CLANG_WARN_DIRECT_OBJC_ISA_USAGE = YES_ERROR;
				CLANG_WARN_DOCUMENTATION_COMMENTS = YES;
				CLANG_WARN_EMPTY_BODY = YES;
				CLANG_WARN_ENUM_CONVERSION = YES;
				CLANG_WARN_INFINITE_RECURSION = YES;
				CLANG_WARN_INT_CONVERSION = YES;
				CLANG_WARN_NON_LITERAL_NULL_CONVERSION = YES;
				CLANG_WARN_OBJC_IMPLICIT_RETAIN_SELF = YES;
				CLANG_WARN_OBJC_LITERAL_CONVERSION = YES;
				CLANG_WARN_OBJC_ROOT_CLASS = YES_ERROR;
				CLANG_WARN_QUOTED_INCLUDE_IN_FRAMEWORK_HEADER = YES;
				CLANG_WARN_RANGE_LOOP_ANALYSIS = YES;
				CLANG_WARN_STRICT_PROTOTYPES = YES;
				CLANG_WARN_SUSPICIOUS_MOVE = YES;
				CLANG_WARN_UNGUARDED_AVAILABILITY = YES_AGGRESSIVE;
				CLANG_WARN_UNREACHABLE_CODE = YES;
				CLANG_WARN__DUPLICATE_METHOD_MATCH = YES;
				COPY_PHASE_STRIP = NO;
				DEBUG_INFORMATION_FORMAT = "dwarf-with-dsym";
				ENABLE_NS_ASSERTIONS = NO;
				ENABLE_STRICT_OBJC_MSGSEND = YES;
				GCC_C_LANGUAGE_STANDARD = gnu11;
				GCC_NO_COMMON_BLOCKS = YES;
				GCC_WARN_64_TO_32_BIT_CONVERSION = YES;
				GCC_WARN_ABOUT_RETURN_TYPE = YES_ERROR;
				GCC_WARN_UNDECLARED_SELECTOR = YES;
				GCC_WARN_UNINITIALIZED_AUTOS = YES_AGGRESSIVE;
				GCC_WARN_UNUSED_FUNCTION = YES;
				GCC_WARN_UNUSED_VARIABLE = YES;
				IPHONEOS_DEPLOYMENT_TARGET = 15.5;
				MTL_ENABLE_DEBUG_INFO = NO;
				MTL_FAST_MATH = YES;
				SDKROOT = iphoneos;
				SWIFT_COMPILATION_MODE = wholemodule;
				SWIFT_OPTIMIZATION_LEVEL = "-O";
				VALIDATE_PRODUCT = YES;
			};
			name = Release;
		};
		3F3F013428996EC700235E2F /* Debug */ = {
			isa = XCBuildConfiguration;
			buildSettings = {
				ASSETCATALOG_COMPILER_APPICON_NAME = AppIcon;
				ASSETCATALOG_COMPILER_GLOBAL_ACCENT_COLOR_NAME = AccentColor;
				CODE_SIGN_STYLE = Automatic;
				CURRENT_PROJECT_VERSION = 1;
				GENERATE_INFOPLIST_FILE = YES;
				INFOPLIST_FILE = ToDoListApp/Info.plist;
				INFOPLIST_KEY_UIApplicationSupportsIndirectInputEvents = YES;
				INFOPLIST_KEY_UILaunchStoryboardName = LaunchScreen;
				INFOPLIST_KEY_UIMainStoryboardFile = Main;
				INFOPLIST_KEY_UISupportedInterfaceOrientations_iPad = "UIInterfaceOrientationPortrait UIInterfaceOrientationPortraitUpsideDown UIInterfaceOrientationLandscapeLeft UIInterfaceOrientationLandscapeRight";
				INFOPLIST_KEY_UISupportedInterfaceOrientations_iPhone = "UIInterfaceOrientationPortrait UIInterfaceOrientationLandscapeLeft UIInterfaceOrientationLandscapeRight";
				LD_RUNPATH_SEARCH_PATHS = (
					"$(inherited)",
					"@executable_path/Frameworks",
				);
				MARKETING_VERSION = 1.0;
				PRODUCT_BUNDLE_IDENTIFIER = KWK.ToDoListApp;
				PRODUCT_NAME = "$(TARGET_NAME)";
				SWIFT_EMIT_LOC_STRINGS = YES;
				SWIFT_VERSION = 5.0;
				TARGETED_DEVICE_FAMILY = "1,2";
			};
			name = Debug;
		};
		3F3F013528996EC700235E2F /* Release */ = {
			isa = XCBuildConfiguration;
			buildSettings = {
				ASSETCATALOG_COMPILER_APPICON_NAME = AppIcon;
				ASSETCATALOG_COMPILER_GLOBAL_ACCENT_COLOR_NAME = AccentColor;
				CODE_SIGN_STYLE = Automatic;
				CURRENT_PROJECT_VERSION = 1;
				GENERATE_INFOPLIST_FILE = YES;
				INFOPLIST_FILE = ToDoListApp/Info.plist;
				INFOPLIST_KEY_UIApplicationSupportsIndirectInputEvents = YES;
				INFOPLIST_KEY_UILaunchStoryboardName = LaunchScreen;
				INFOPLIST_KEY_UIMainStoryboardFile = Main;
				INFOPLIST_KEY_UISupportedInterfaceOrientations_iPad = "UIInterfaceOrientationPortrait UIInterfaceOrientationPortraitUpsideDown UIInterfaceOrientationLandscapeLeft UIInterfaceOrientationLandscapeRight";
				INFOPLIST_KEY_UISupportedInterfaceOrientations_iPhone = "UIInterfaceOrientationPortrait UIInterfaceOrientationLandscapeLeft UIInterfaceOrientationLandscapeRight";
				LD_RUNPATH_SEARCH_PATHS = (
					"$(inherited)",
					"@executable_path/Frameworks",
				);
				MARKETING_VERSION = 1.0;
				PRODUCT_BUNDLE_IDENTIFIER = KWK.ToDoListApp;
				PRODUCT_NAME = "$(TARGET_NAME)";
				SWIFT_EMIT_LOC_STRINGS = YES;
				SWIFT_VERSION = 5.0;
				TARGETED_DEVICE_FAMILY = "1,2";
			};
			name = Release;
		};
		3F3F013728996EC700235E2F /* Debug */ = {
			isa = XCBuildConfiguration;
			buildSettings = {
				ALWAYS_EMBED_SWIFT_STANDARD_LIBRARIES = YES;
				BUNDLE_LOADER = "$(TEST_HOST)";
				CODE_SIGN_STYLE = Automatic;
				CURRENT_PROJECT_VERSION = 1;
				GENERATE_INFOPLIST_FILE = YES;
				IPHONEOS_DEPLOYMENT_TARGET = 15.5;
				MARKETING_VERSION = 1.0;
				PRODUCT_BUNDLE_IDENTIFIER = KWK.ToDoListAppTests;
				PRODUCT_NAME = "$(TARGET_NAME)";
				SWIFT_EMIT_LOC_STRINGS = NO;
				SWIFT_VERSION = 5.0;
				TARGETED_DEVICE_FAMILY = "1,2";
				TEST_HOST = "$(BUILT_PRODUCTS_DIR)/ToDoListApp.app/ToDoListApp";
			};
			name = Debug;
		};
		3F3F013828996EC700235E2F /* Release */ = {
			isa = XCBuildConfiguration;
			buildSettings = {
				ALWAYS_EMBED_SWIFT_STANDARD_LIBRARIES = YES;
				BUNDLE_LOADER = "$(TEST_HOST)";
				CODE_SIGN_STYLE = Automatic;
				CURRENT_PROJECT_VERSION = 1;
				GENERATE_INFOPLIST_FILE = YES;
				IPHONEOS_DEPLOYMENT_TARGET = 15.5;
				MARKETING_VERSION = 1.0;
				PRODUCT_BUNDLE_IDENTIFIER = KWK.ToDoListAppTests;
				PRODUCT_NAME = "$(TARGET_NAME)";
				SWIFT_EMIT_LOC_STRINGS = NO;
				SWIFT_VERSION = 5.0;
				TARGETED_DEVICE_FAMILY = "1,2";
				TEST_HOST = "$(BUILT_PRODUCTS_DIR)/ToDoListApp.app/ToDoListApp";
			};
			name = Release;
		};
		3F3F013A28996EC700235E2F /* Debug */ = {
			isa = XCBuildConfiguration;
			buildSettings = {
				ALWAYS_EMBED_SWIFT_STANDARD_LIBRARIES = YES;
				CODE_SIGN_STYLE = Automatic;
				CURRENT_PROJECT_VERSION = 1;
				GENERATE_INFOPLIST_FILE = YES;
				MARKETING_VERSION = 1.0;
				PRODUCT_BUNDLE_IDENTIFIER = KWK.ToDoListAppUITests;
				PRODUCT_NAME = "$(TARGET_NAME)";
				SWIFT_EMIT_LOC_STRINGS = NO;
				SWIFT_VERSION = 5.0;
				TARGETED_DEVICE_FAMILY = "1,2";
				TEST_TARGET_NAME = ToDoListApp;
			};
			name = Debug;
		};
		3F3F013B28996EC700235E2F /* Release */ = {
			isa = XCBuildConfiguration;
			buildSettings = {
				ALWAYS_EMBED_SWIFT_STANDARD_LIBRARIES = YES;
				CODE_SIGN_STYLE = Automatic;
				CURRENT_PROJECT_VERSION = 1;
				GENERATE_INFOPLIST_FILE = YES;
				MARKETING_VERSION = 1.0;
				PRODUCT_BUNDLE_IDENTIFIER = KWK.ToDoListAppUITests;
				PRODUCT_NAME = "$(TARGET_NAME)";
				SWIFT_EMIT_LOC_STRINGS = NO;
				SWIFT_VERSION = 5.0;
				TARGETED_DEVICE_FAMILY = "1,2";
				TEST_TARGET_NAME = ToDoListApp;
			};
			name = Release;
		};
/* End XCBuildConfiguration section */

/* Begin XCConfigurationList section */
		3F3F010128996EC400235E2F /* Build configuration list for PBXProject "ToDoListApp" */ = {
			isa = XCConfigurationList;
			buildConfigurations = (
				3F3F013128996EC700235E2F /* Debug */,
				3F3F013228996EC700235E2F /* Release */,
			);
			defaultConfigurationIsVisible = 0;
			defaultConfigurationName = Release;
		};
		3F3F013328996EC700235E2F /* Build configuration list for PBXNativeTarget "ToDoListApp" */ = {
			isa = XCConfigurationList;
			buildConfigurations = (
				3F3F013428996EC700235E2F /* Debug */,
				3F3F013528996EC700235E2F /* Release */,
			);
			defaultConfigurationIsVisible = 0;
			defaultConfigurationName = Release;
		};
		3F3F013628996EC700235E2F /* Build configuration list for PBXNativeTarget "ToDoListAppTests" */ = {
			isa = XCConfigurationList;
			buildConfigurations = (
				3F3F013728996EC700235E2F /* Debug */,
				3F3F013828996EC700235E2F /* Release */,
			);
			defaultConfigurationIsVisible = 0;
			defaultConfigurationName = Release;
		};
		3F3F013928996EC700235E2F /* Build configuration list for PBXNativeTarget "ToDoListAppUITests" */ = {
			isa = XCConfigurationList;
			buildConfigurations = (
				3F3F013A28996EC700235E2F /* Debug */,
				3F3F013B28996EC700235E2F /* Release */,
			);
			defaultConfigurationIsVisible = 0;
			defaultConfigurationName = Release;
		};
/* End XCConfigurationList section */

/* Begin XCVersionGroup section */
		3F3F011228996EC400235E2F /* ToDoListApp.xcdatamodeld */ = {
			isa = XCVersionGroup;
			children = (
				3F3F011328996EC400235E2F /* ToDoListApp.xcdatamodel */,
			);
			currentVersion = 3F3F011328996EC400235E2F /* ToDoListApp.xcdatamodel */;
			path = ToDoListApp.xcdatamodeld;
			sourceTree = "<group>";
			versionGroupType = wrapper.xcdatamodel;
		};
/* End XCVersionGroup section */
	};
	rootObject = 3F3F00FE28996EC400235E2F /* Project object */;
}
